
Microsoft Visual Studio Solution File, Format Version 12.00
# Visual Studio Version 17
VisualStudioVersion = 17.5.33530.505
MinimumVisualStudioVersion = 10.0.40219.1
Project("{FAE04EC0-301F-11D3-BF4B-00C04F79EFBC}") = "CheckInMonitorAPI", "CheckInMonitorAPI\CheckInMonitorAPI.csproj", "{FEA9DA14-6539-4737-990A-8AD47E4669CA}"
EndProject
Global
	GlobalSection(SolutionConfigurationPlatforms) = preSolution
		Debug|Any CPU = Debug|Any CPU
		Release|Any CPU = Release|Any CPU
	EndGlobalSection
	GlobalSection(ProjectConfigurationPlatforms) = postSolution
		{FEA9DA14-6539-4737-990A-8AD47E4669CA}.Debug|Any CPU.ActiveCfg = Debug|Any CPU
		{FEA9DA14-6539-4737-990A-8AD47E4669CA}.Debug|Any CPU.Build.0 = Debug|Any CPU
		{FEA9DA14-6539-4737-990A-8AD47E4669CA}.Release|Any CPU.ActiveCfg = Release|Any CPU
		{FEA9DA14-6539-4737-990A-8AD47E4669CA}.Release|Any CPU.Build.0 = Release|Any CPU
	EndGlobalSection
	GlobalSection(SolutionProperties) = preSolution
		HideSolutionNode = FALSE
	EndGlobalSection
	GlobalSection(ExtensibilityGlobals) = postSolution
		SolutionGuid = {A1E1F01F-93B0-4E56-8881-7B8BA715E87D}
	EndGlobalSection
EndGlobal
