
Microsoft Visual Studio Solution File, Format Version 12.00
# Visual Studio Version 17
VisualStudioVersion = 17.5.33530.505
MinimumVisualStudioVersion = 10.0.40219.1
Project("{2150E333-8FDC-42A3-9474-1A3956D46DE8}") = "src", "src", "{75341ACF-8468-495B-941D-ADA5F71924F9}"
EndProject
Project("{2150E333-8FDC-42A3-9474-1A3956D46DE8}") = "build", "build", "{92212B23-B97C-4D3D-9B55-2D356767A85B}"
EndProject
Project("{2150E333-8FDC-42A3-9474-1A3956D46DE8}") = "tests", "tests", "{9CCF805F-8702-43C6-9F62-A71F255EAE0A}"
EndProject
Project("{9A19103F-16F7-4668-BE54-9A1E7A4F7556}") = "Domain", "src\Domain\Domain.csproj", "{7FAA5E40-3CF4-45E4-8726-9A1CA3BFBBA5}"
EndProject
Project("{9A19103F-16F7-4668-BE54-9A1E7A4F7556}") = "Application", "src\Application\Application.csproj", "{523979F2-E662-4629-9E1D-A090B23D9F6B}"
EndProject
Project("{9A19103F-16F7-4668-BE54-9A1E7A4F7556}") = "Infrastructure", "src\Infrastructure\Infrastructure.csproj", "{7E543988-58E8-4239-9178-0F4DEF70FC4A}"
EndProject
Project("{9A19103F-16F7-4668-BE54-9A1E7A4F7556}") = "API", "src\CheckInAPI\API.csproj", "{74D5053D-95B7-4B57-9AB9-F008C9E75C24}"
EndProject
Project("{9A19103F-16F7-4668-BE54-9A1E7A4F7556}") = "API.IntegrationTests", "tests\API.IntegrationTests\API.IntegrationTests.csproj", "{B583F16D-E5E0-40C6-9086-E57361DC02E6}"
EndProject
Project("{9A19103F-16F7-4668-BE54-9A1E7A4F7556}") = "Application.UnitTests", "tests\Application.UnitTests\Application.UnitTests.csproj", "{9FE6F0B0-F803-4F78-80D9-3F14EEBC7D0D}"
EndProject
Project("{9A19103F-16F7-4668-BE54-9A1E7A4F7556}") = "Domain.UnitTests", "tests\Domain.UnitTests\Domain.UnitTests.csproj", "{D8183311-FE82-419F-BD8C-2D7AD105A706}"
EndProject
Project("{9A19103F-16F7-4668-BE54-9A1E7A4F7556}") = "Infrastructure.IntegrationTests", "tests\Infrastructure.IntegrationTests\Infrastructure.IntegrationTests.csproj", "{E6DE2CD9-B709-4856-B245-ED906B74A838}"
EndProject
Global
	GlobalSection(SolutionConfigurationPlatforms) = preSolution
		Debug|Any CPU = Debug|Any CPU
		Release|Any CPU = Release|Any CPU
	EndGlobalSection
	GlobalSection(ProjectConfigurationPlatforms) = postSolution
		{7FAA5E40-3CF4-45E4-8726-9A1CA3BFBBA5}.Debug|Any CPU.ActiveCfg = Debug|Any CPU
		{7FAA5E40-3CF4-45E4-8726-9A1CA3BFBBA5}.Debug|Any CPU.Build.0 = Debug|Any CPU
		{7FAA5E40-3CF4-45E4-8726-9A1CA3BFBBA5}.Release|Any CPU.ActiveCfg = Release|Any CPU
		{7FAA5E40-3CF4-45E4-8726-9A1CA3BFBBA5}.Release|Any CPU.Build.0 = Release|Any CPU
		{523979F2-E662-4629-9E1D-A090B23D9F6B}.Debug|Any CPU.ActiveCfg = Debug|Any CPU
		{523979F2-E662-4629-9E1D-A090B23D9F6B}.Debug|Any CPU.Build.0 = Debug|Any CPU
		{523979F2-E662-4629-9E1D-A090B23D9F6B}.Release|Any CPU.ActiveCfg = Release|Any CPU
		{523979F2-E662-4629-9E1D-A090B23D9F6B}.Release|Any CPU.Build.0 = Release|Any CPU
		{7E543988-58E8-4239-9178-0F4DEF70FC4A}.Debug|Any CPU.ActiveCfg = Debug|Any CPU
		{7E543988-58E8-4239-9178-0F4DEF70FC4A}.Debug|Any CPU.Build.0 = Debug|Any CPU
		{7E543988-58E8-4239-9178-0F4DEF70FC4A}.Release|Any CPU.ActiveCfg = Release|Any CPU
		{7E543988-58E8-4239-9178-0F4DEF70FC4A}.Release|Any CPU.Build.0 = Release|Any CPU
		{74D5053D-95B7-4B57-9AB9-F008C9E75C24}.Debug|Any CPU.ActiveCfg = Debug|Any CPU
		{74D5053D-95B7-4B57-9AB9-F008C9E75C24}.Debug|Any CPU.Build.0 = Debug|Any CPU
		{74D5053D-95B7-4B57-9AB9-F008C9E75C24}.Release|Any CPU.ActiveCfg = Release|Any CPU
		{74D5053D-95B7-4B57-9AB9-F008C9E75C24}.Release|Any CPU.Build.0 = Release|Any CPU
		{B583F16D-E5E0-40C6-9086-E57361DC02E6}.Debug|Any CPU.ActiveCfg = Debug|Any CPU
		{B583F16D-E5E0-40C6-9086-E57361DC02E6}.Debug|Any CPU.Build.0 = Debug|Any CPU
		{B583F16D-E5E0-40C6-9086-E57361DC02E6}.Release|Any CPU.ActiveCfg = Release|Any CPU
		{B583F16D-E5E0-40C6-9086-E57361DC02E6}.Release|Any CPU.Build.0 = Release|Any CPU
		{9FE6F0B0-F803-4F78-80D9-3F14EEBC7D0D}.Debug|Any CPU.ActiveCfg = Debug|Any CPU
		{9FE6F0B0-F803-4F78-80D9-3F14EEBC7D0D}.Debug|Any CPU.Build.0 = Debug|Any CPU
		{9FE6F0B0-F803-4F78-80D9-3F14EEBC7D0D}.Release|Any CPU.ActiveCfg = Release|Any CPU
		{9FE6F0B0-F803-4F78-80D9-3F14EEBC7D0D}.Release|Any CPU.Build.0 = Release|Any CPU
		{D8183311-FE82-419F-BD8C-2D7AD105A706}.Debug|Any CPU.ActiveCfg = Debug|Any CPU
		{D8183311-FE82-419F-BD8C-2D7AD105A706}.Debug|Any CPU.Build.0 = Debug|Any CPU
		{D8183311-FE82-419F-BD8C-2D7AD105A706}.Release|Any CPU.ActiveCfg = Release|Any CPU
		{D8183311-FE82-419F-BD8C-2D7AD105A706}.Release|Any CPU.Build.0 = Release|Any CPU
		{E6DE2CD9-B709-4856-B245-ED906B74A838}.Debug|Any CPU.ActiveCfg = Debug|Any CPU
		{E6DE2CD9-B709-4856-B245-ED906B74A838}.Debug|Any CPU.Build.0 = Debug|Any CPU
		{E6DE2CD9-B709-4856-B245-ED906B74A838}.Release|Any CPU.ActiveCfg = Release|Any CPU
		{E6DE2CD9-B709-4856-B245-ED906B74A838}.Release|Any CPU.Build.0 = Release|Any CPU
	EndGlobalSection
	GlobalSection(SolutionProperties) = preSolution
		HideSolutionNode = FALSE
	EndGlobalSection
	GlobalSection(NestedProjects) = preSolution
		{7FAA5E40-3CF4-45E4-8726-9A1CA3BFBBA5} = {75341ACF-8468-495B-941D-ADA5F71924F9}
		{523979F2-E662-4629-9E1D-A090B23D9F6B} = {75341ACF-8468-495B-941D-ADA5F71924F9}
		{7E543988-58E8-4239-9178-0F4DEF70FC4A} = {75341ACF-8468-495B-941D-ADA5F71924F9}
		{74D5053D-95B7-4B57-9AB9-F008C9E75C24} = {75341ACF-8468-495B-941D-ADA5F71924F9}
		{B583F16D-E5E0-40C6-9086-E57361DC02E6} = {9CCF805F-8702-43C6-9F62-A71F255EAE0A}
		{9FE6F0B0-F803-4F78-80D9-3F14EEBC7D0D} = {9CCF805F-8702-43C6-9F62-A71F255EAE0A}
		{D8183311-FE82-419F-BD8C-2D7AD105A706} = {9CCF805F-8702-43C6-9F62-A71F255EAE0A}
		{E6DE2CD9-B709-4856-B245-ED906B74A838} = {9CCF805F-8702-43C6-9F62-A71F255EAE0A}
	EndGlobalSection
	GlobalSection(ExtensibilityGlobals) = postSolution
		SolutionGuid = {207FF4C8-94BC-4878-B269-E7D15B964975}
	EndGlobalSection
EndGlobal
